%{"hackney": {:hex, :hackney, "0.14.1"},
  "httpoison": {:hex, :httpoison, "0.5.0"},
  "httpotion": {:git, "git://github.com/myfreeweb/httpotion.git", "1a7d8ac3d5f7c2da5d48496acf3adfc9f73fcc69", []},
  "ibrowse": {:git, "git://github.com/cmullaparthi/ibrowse.git", "7871e2ebe8811efb64e1917e2de455fa87e8dfe3", [tag: "v4.1.0"]},
  "idna": {:hex, :idna, "1.0.1"},
  "jazz": {:hex, :jazz, "0.2.1"}}
